
Microsoft Visual Studio Solution File, Format Version 12.00
# Visual Studio Version 17
VisualStudioVersion = 17.2.32616.157
MinimumVisualStudioVersion = 10.0.40219.1
Project("{FAE04EC0-301F-11D3-BF4B-00C04F79EFBC}") = "WebApplication1", "WebApplication1.csproj", "{9A657A3D-2A45-4DA7-8E31-A3D540A0A697}"
EndProject
Global
	GlobalSection(SolutionConfigurationPlatforms) = preSolution
		Debug|Any CPU = Debug|Any CPU
		Release|Any CPU = Release|Any CPU
	EndGlobalSection
	GlobalSection(ProjectConfigurationPlatforms) = postSolution
		{9A657A3D-2A45-4DA7-8E31-A3D540A0A697}.Debug|Any CPU.ActiveCfg = Debug|Any CPU
		{9A657A3D-2A45-4DA7-8E31-A3D540A0A697}.Debug|Any CPU.Build.0 = Debug|Any CPU
		{9A657A3D-2A45-4DA7-8E31-A3D540A0A697}.Release|Any CPU.ActiveCfg = Release|Any CPU
		{9A657A3D-2A45-4DA7-8E31-A3D540A0A697}.Release|Any CPU.Build.0 = Release|Any CPU
	EndGlobalSection
	GlobalSection(SolutionProperties) = preSolution
		HideSolutionNode = FALSE
	EndGlobalSection
	GlobalSection(ExtensibilityGlobals) = postSolution
		SolutionGuid = {6C909E05-17BA-4B5B-B929-E5E7A983F78B}
	EndGlobalSection
EndGlobal
