
Microsoft Visual Studio Solution File, Format Version 12.00
# Visual Studio Version 17
VisualStudioVersion = 17.2.32616.157
MinimumVisualStudioVersion = 10.0.40219.1
Project("{FAE04EC0-301F-11D3-BF4B-00C04F79EFBC}") = "functions", "functions\functions.csproj", "{4E231162-7E77-4415-809C-30C63F5772DA}"
EndProject
Global
	GlobalSection(SolutionConfigurationPlatforms) = preSolution
		Debug|Any CPU = Debug|Any CPU
		Release|Any CPU = Release|Any CPU
	EndGlobalSection
	GlobalSection(ProjectConfigurationPlatforms) = postSolution
		{4E231162-7E77-4415-809C-30C63F5772DA}.Debug|Any CPU.ActiveCfg = Debug|Any CPU
		{4E231162-7E77-4415-809C-30C63F5772DA}.Debug|Any CPU.Build.0 = Debug|Any CPU
		{4E231162-7E77-4415-809C-30C63F5772DA}.Release|Any CPU.ActiveCfg = Release|Any CPU
		{4E231162-7E77-4415-809C-30C63F5772DA}.Release|Any CPU.Build.0 = Release|Any CPU
	EndGlobalSection
	GlobalSection(SolutionProperties) = preSolution
		HideSolutionNode = FALSE
	EndGlobalSection
	GlobalSection(ExtensibilityGlobals) = postSolution
		SolutionGuid = {676714FD-B469-4DE8-BC8D-90FC5DAA1673}
	EndGlobalSection
EndGlobal
