
Microsoft Visual Studio Solution File, Format Version 12.00
# Visual Studio Version 17
VisualStudioVersion = 17.2.32616.157
MinimumVisualStudioVersion = 10.0.40219.1
Project("{FAE04EC0-301F-11D3-BF4B-00C04F79EFBC}") = "REST_API", "REST_API.csproj", "{C4E13FAB-02FB-40E8-98D5-5C7BC5DCE409}"
EndProject
Global
	GlobalSection(SolutionConfigurationPlatforms) = preSolution
		Debug|Any CPU = Debug|Any CPU
		Release|Any CPU = Release|Any CPU
	EndGlobalSection
	GlobalSection(ProjectConfigurationPlatforms) = postSolution
		{C4E13FAB-02FB-40E8-98D5-5C7BC5DCE409}.Debug|Any CPU.ActiveCfg = Debug|Any CPU
		{C4E13FAB-02FB-40E8-98D5-5C7BC5DCE409}.Debug|Any CPU.Build.0 = Debug|Any CPU
		{C4E13FAB-02FB-40E8-98D5-5C7BC5DCE409}.Release|Any CPU.ActiveCfg = Release|Any CPU
		{C4E13FAB-02FB-40E8-98D5-5C7BC5DCE409}.Release|Any CPU.Build.0 = Release|Any CPU
	EndGlobalSection
	GlobalSection(SolutionProperties) = preSolution
		HideSolutionNode = FALSE
	EndGlobalSection
	GlobalSection(ExtensibilityGlobals) = postSolution
		SolutionGuid = {67B42F70-536B-4B60-B44C-E177609898C6}
	EndGlobalSection
EndGlobal
